// !$*UTF8*$!
{
	archiveVersion = 1;
	classes = {
	};
	objectVersion = 51;
	objects = {

/* Begin PBXBuildFile section */
		0A424A452384B0FC00E1FC34 /* AppDelegate.swift in Sources */ = {isa = PBXBuildFile; fileRef = 0A424A442384B0FC00E1FC34 /* AppDelegate.swift */; };
		0A424A472384B0FC00E1FC34 /* SceneDelegate.swift in Sources */ = {isa = PBXBuildFile; fileRef = 0A424A462384B0FC00E1FC34 /* SceneDelegate.swift */; };
		0A424A492384B0FC00E1FC34 /* TodosContainerViewController.swift in Sources */ = {isa = PBXBuildFile; fileRef = 0A424A482384B0FC00E1FC34 /* TodosContainerViewController.swift */; };
		0A424A4C2384B0FC00E1FC34 /* Main.storyboard in Resources */ = {isa = PBXBuildFile; fileRef = 0A424A4A2384B0FC00E1FC34 /* Main.storyboard */; };
		0A424A4E2384B0FF00E1FC34 /* Assets.xcassets in Resources */ = {isa = PBXBuildFile; fileRef = 0A424A4D2384B0FF00E1FC34 /* Assets.xcassets */; };
		0A424A512384B0FF00E1FC34 /* LaunchScreen.storyboard in Resources */ = {isa = PBXBuildFile; fileRef = 0A424A4F2384B0FF00E1FC34 /* LaunchScreen.storyboard */; };
		0A424A5C2384B0FF00E1FC34 /* TodoListTests.swift in Sources */ = {isa = PBXBuildFile; fileRef = 0A424A5B2384B0FF00E1FC34 /* TodoListTests.swift */; };
		0A424A6B2384B29D00E1FC34 /* TodoCell.swift in Sources */ = {isa = PBXBuildFile; fileRef = 0A424A6A2384B29D00E1FC34 /* TodoCell.swift */; };
		0A424A6D2384B2B100E1FC34 /* TodoCell.xib in Resources */ = {isa = PBXBuildFile; fileRef = 0A424A6C2384B2B100E1FC34 /* TodoCell.xib */; };
		0A424A6F2384B32E00E1FC34 /* StoryboardIdentifiable.swift in Sources */ = {isa = PBXBuildFile; fileRef = 0A424A6E2384B32E00E1FC34 /* StoryboardIdentifiable.swift */; };
		0A424A712384B34B00E1FC34 /* UIFont+Extensions.swift in Sources */ = {isa = PBXBuildFile; fileRef = 0A424A702384B34B00E1FC34 /* UIFont+Extensions.swift */; };
		0A424A732384B3C200E1FC34 /* UITableView+Extensions.swift in Sources */ = {isa = PBXBuildFile; fileRef = 0A424A722384B3C200E1FC34 /* UITableView+Extensions.swift */; };
		52013985240363070030DD3D /* TodoListViewController.swift in Sources */ = {isa = PBXBuildFile; fileRef = 52013984240363070030DD3D /* TodoListViewController.swift */; };
		52013987240369890030DD3D /* UIViewController+ChildControllers.swift in Sources */ = {isa = PBXBuildFile; fileRef = 52013986240369890030DD3D /* UIViewController+ChildControllers.swift */; };
		5201398B24218FB80030DD3D /* TodoListsViewController.swift in Sources */ = {isa = PBXBuildFile; fileRef = 5201398A24218FB80030DD3D /* TodoListsViewController.swift */; };
		5244F90923F8C67B00B4DAEB /* UIAlertController+Extensions.swift in Sources */ = {isa = PBXBuildFile; fileRef = 5244F90823F8C67B00B4DAEB /* UIAlertController+Extensions.swift */; };
		524D268E23F8993F00EC46CC /* TodoListViewData.swift in Sources */ = {isa = PBXBuildFile; fileRef = 524D268D23F8993F00EC46CC /* TodoListViewData.swift */; };
		524D269023F8995B00EC46CC /* DateFormatters.swift in Sources */ = {isa = PBXBuildFile; fileRef = 524D268F23F8995B00EC46CC /* DateFormatters.swift */; };
		52567EB323DE8D3E000332EA /* AddTodoCell.xib in Resources */ = {isa = PBXBuildFile; fileRef = 52567EB223DE8D3E000332EA /* AddTodoCell.xib */; };
		52567EB523DE8D5F000332EA /* AddTodoCell.swift in Sources */ = {isa = PBXBuildFile; fileRef = 52567EB423DE8D5F000332EA /* AddTodoCell.swift */; };
		52567EB723DE9060000332EA /* TodoList.swift in Sources */ = {isa = PBXBuildFile; fileRef = 52567EB623DE9060000332EA /* TodoList.swift */; };
		52567EB923DE9069000332EA /* Todo.swift in Sources */ = {isa = PBXBuildFile; fileRef = 52567EB823DE9069000332EA /* Todo.swift */; };
		52567EBB23DE907B000332EA /* TodoViewData.swift in Sources */ = {isa = PBXBuildFile; fileRef = 52567EBA23DE907B000332EA /* TodoViewData.swift */; };
		52567EBD23E74B11000332EA /* Cache.swift in Sources */ = {isa = PBXBuildFile; fileRef = 52567EBC23E74B11000332EA /* Cache.swift */; };
		52567EBF23EBBC91000332EA /* Date+Extensions.swift in Sources */ = {isa = PBXBuildFile; fileRef = 52567EBE23EBBC91000332EA /* Date+Extensions.swift */; };
		525A8B92242FDD0B002DCDD0 /* Bundle+Extensions.swift in Sources */ = {isa = PBXBuildFile; fileRef = 525A8B91242FDD0B002DCDD0 /* Bundle+Extensions.swift */; };
		525A8B94242FE2E2002DCDD0 /* UIEdgeInsets+Extensions.swift in Sources */ = {isa = PBXBuildFile; fileRef = 525A8B93242FE2E2002DCDD0 /* UIEdgeInsets+Extensions.swift */; };
		52662AB8248584150072626B /* Undo.swift in Sources */ = {isa = PBXBuildFile; fileRef = 52662AB7248584150072626B /* Undo.swift */; };
		52662ABA2485841B0072626B /* UndoItem.swift in Sources */ = {isa = PBXBuildFile; fileRef = 52662AB92485841B0072626B /* UndoItem.swift */; };
		52662ABC2485C4D40072626B /* UndoView.swift in Sources */ = {isa = PBXBuildFile; fileRef = 52662ABB2485C4D40072626B /* UndoView.swift */; };
		5295A219246B158E00B502CA /* TodoList+ModelUpdates.swift in Sources */ = {isa = PBXBuildFile; fileRef = 5295A218246B158E00B502CA /* TodoList+ModelUpdates.swift */; };
		52AABC2F23FA061D000FA700 /* TodoListSectionHeaderView.swift in Sources */ = {isa = PBXBuildFile; fileRef = 52AABC2E23FA061D000FA700 /* TodoListSectionHeaderView.swift */; };
		52F492AD2481BA9F001DA434 /* TodoListTableViewDataSource.swift in Sources */ = {isa = PBXBuildFile; fileRef = 52F492AC2481BA9F001DA434 /* TodoListTableViewDataSource.swift */; };
		8E5AF95E70BC5E84D73B15E2 /* Pods_TODOs.framework in Frameworks */ = {isa = PBXBuildFile; fileRef = CBA28BFD00B4E8629E893D07 /* Pods_TODOs.framework */; };
/* End PBXBuildFile section */

/* Begin PBXContainerItemProxy section */
		0A424A582384B0FF00E1FC34 /* PBXContainerItemProxy */ = {
			isa = PBXContainerItemProxy;
			containerPortal = 0A424A392384B0FC00E1FC34 /* Project object */;
			proxyType = 1;
			remoteGlobalIDString = 0A424A402384B0FC00E1FC34;
			remoteInfo = TODOs;
		};
/* End PBXContainerItemProxy section */

/* Begin PBXFileReference section */
		0A424A412384B0FC00E1FC34 /* TODOs.app */ = {isa = PBXFileReference; explicitFileType = wrapper.application; includeInIndex = 0; path = TODOs.app; sourceTree = BUILT_PRODUCTS_DIR; };
		0A424A442384B0FC00E1FC34 /* AppDelegate.swift */ = {isa = PBXFileReference; lastKnownFileType = sourcecode.swift; path = AppDelegate.swift; sourceTree = "<group>"; };
		0A424A462384B0FC00E1FC34 /* SceneDelegate.swift */ = {isa = PBXFileReference; lastKnownFileType = sourcecode.swift; path = SceneDelegate.swift; sourceTree = "<group>"; };
		0A424A482384B0FC00E1FC34 /* TodosContainerViewController.swift */ = {isa = PBXFileReference; lastKnownFileType = sourcecode.swift; path = TodosContainerViewController.swift; sourceTree = "<group>"; };
		0A424A4B2384B0FC00E1FC34 /* Base */ = {isa = PBXFileReference; lastKnownFileType = file.storyboard; name = Base; path = Base.lproj/Main.storyboard; sourceTree = "<group>"; };
		0A424A4D2384B0FF00E1FC34 /* Assets.xcassets */ = {isa = PBXFileReference; lastKnownFileType = folder.assetcatalog; path = Assets.xcassets; sourceTree = "<group>"; };
		0A424A502384B0FF00E1FC34 /* Base */ = {isa = PBXFileReference; lastKnownFileType = file.storyboard; name = Base; path = Base.lproj/LaunchScreen.storyboard; sourceTree = "<group>"; };
		0A424A522384B0FF00E1FC34 /* Info.plist */ = {isa = PBXFileReference; lastKnownFileType = text.plist.xml; path = Info.plist; sourceTree = "<group>"; };
		0A424A572384B0FF00E1FC34 /* TODOsTests.xctest */ = {isa = PBXFileReference; explicitFileType = wrapper.cfbundle; includeInIndex = 0; path = TODOsTests.xctest; sourceTree = BUILT_PRODUCTS_DIR; };
		0A424A5B2384B0FF00E1FC34 /* TodoListTests.swift */ = {isa = PBXFileReference; lastKnownFileType = sourcecode.swift; path = TodoListTests.swift; sourceTree = "<group>"; };
		0A424A5D2384B0FF00E1FC34 /* Info.plist */ = {isa = PBXFileReference; lastKnownFileType = text.plist.xml; path = Info.plist; sourceTree = "<group>"; };
		0A424A6A2384B29D00E1FC34 /* TodoCell.swift */ = {isa = PBXFileReference; lastKnownFileType = sourcecode.swift; path = TodoCell.swift; sourceTree = "<group>"; };
		0A424A6C2384B2B100E1FC34 /* TodoCell.xib */ = {isa = PBXFileReference; lastKnownFileType = file.xib; path = TodoCell.xib; sourceTree = "<group>"; };
		0A424A6E2384B32E00E1FC34 /* StoryboardIdentifiable.swift */ = {isa = PBXFileReference; lastKnownFileType = sourcecode.swift; path = StoryboardIdentifiable.swift; sourceTree = "<group>"; };
		0A424A702384B34B00E1FC34 /* UIFont+Extensions.swift */ = {isa = PBXFileReference; lastKnownFileType = sourcecode.swift; path = "UIFont+Extensions.swift"; sourceTree = "<group>"; };
		0A424A722384B3C200E1FC34 /* UITableView+Extensions.swift */ = {isa = PBXFileReference; lastKnownFileType = sourcecode.swift; path = "UITableView+Extensions.swift"; sourceTree = "<group>"; };
		52013984240363070030DD3D /* TodoListViewController.swift */ = {isa = PBXFileReference; lastKnownFileType = sourcecode.swift; path = TodoListViewController.swift; sourceTree = "<group>"; };
		52013986240369890030DD3D /* UIViewController+ChildControllers.swift */ = {isa = PBXFileReference; lastKnownFileType = sourcecode.swift; path = "UIViewController+ChildControllers.swift"; sourceTree = "<group>"; };
		5201398A24218FB80030DD3D /* TodoListsViewController.swift */ = {isa = PBXFileReference; lastKnownFileType = sourcecode.swift; path = TodoListsViewController.swift; sourceTree = "<group>"; };
		5244F90823F8C67B00B4DAEB /* UIAlertController+Extensions.swift */ = {isa = PBXFileReference; lastKnownFileType = sourcecode.swift; path = "UIAlertController+Extensions.swift"; sourceTree = "<group>"; };
		524D268D23F8993F00EC46CC /* TodoListViewData.swift */ = {isa = PBXFileReference; lastKnownFileType = sourcecode.swift; path = TodoListViewData.swift; sourceTree = "<group>"; };
		524D268F23F8995B00EC46CC /* DateFormatters.swift */ = {isa = PBXFileReference; lastKnownFileType = sourcecode.swift; path = DateFormatters.swift; sourceTree = "<group>"; };
		52567EB223DE8D3E000332EA /* AddTodoCell.xib */ = {isa = PBXFileReference; lastKnownFileType = file.xib; path = AddTodoCell.xib; sourceTree = "<group>"; };
		52567EB423DE8D5F000332EA /* AddTodoCell.swift */ = {isa = PBXFileReference; lastKnownFileType = sourcecode.swift; path = AddTodoCell.swift; sourceTree = "<group>"; };
		52567EB623DE9060000332EA /* TodoList.swift */ = {isa = PBXFileReference; lastKnownFileType = sourcecode.swift; path = TodoList.swift; sourceTree = "<group>"; };
		52567EB823DE9069000332EA /* Todo.swift */ = {isa = PBXFileReference; lastKnownFileType = sourcecode.swift; path = Todo.swift; sourceTree = "<group>"; };
		52567EBA23DE907B000332EA /* TodoViewData.swift */ = {isa = PBXFileReference; lastKnownFileType = sourcecode.swift; path = TodoViewData.swift; sourceTree = "<group>"; };
		52567EBC23E74B11000332EA /* Cache.swift */ = {isa = PBXFileReference; lastKnownFileType = sourcecode.swift; path = Cache.swift; sourceTree = "<group>"; };
		52567EBE23EBBC91000332EA /* Date+Extensions.swift */ = {isa = PBXFileReference; lastKnownFileType = sourcecode.swift; path = "Date+Extensions.swift"; sourceTree = "<group>"; };
		525A8B91242FDD0B002DCDD0 /* Bundle+Extensions.swift */ = {isa = PBXFileReference; lastKnownFileType = sourcecode.swift; path = "Bundle+Extensions.swift"; sourceTree = "<group>"; };
		525A8B93242FE2E2002DCDD0 /* UIEdgeInsets+Extensions.swift */ = {isa = PBXFileReference; lastKnownFileType = sourcecode.swift; path = "UIEdgeInsets+Extensions.swift"; sourceTree = "<group>"; };
		52662AB7248584150072626B /* Undo.swift */ = {isa = PBXFileReference; lastKnownFileType = sourcecode.swift; path = Undo.swift; sourceTree = "<group>"; };
		52662AB92485841B0072626B /* UndoItem.swift */ = {isa = PBXFileReference; lastKnownFileType = sourcecode.swift; path = UndoItem.swift; sourceTree = "<group>"; };
		52662ABB2485C4D40072626B /* UndoView.swift */ = {isa = PBXFileReference; lastKnownFileType = sourcecode.swift; path = UndoView.swift; sourceTree = "<group>"; };
		5295A218246B158E00B502CA /* TodoList+ModelUpdates.swift */ = {isa = PBXFileReference; lastKnownFileType = sourcecode.swift; path = "TodoList+ModelUpdates.swift"; sourceTree = "<group>"; };
		52AABC2E23FA061D000FA700 /* TodoListSectionHeaderView.swift */ = {isa = PBXFileReference; lastKnownFileType = sourcecode.swift; path = TodoListSectionHeaderView.swift; sourceTree = "<group>"; };
		52F492AC2481BA9F001DA434 /* TodoListTableViewDataSource.swift */ = {isa = PBXFileReference; lastKnownFileType = sourcecode.swift; path = TodoListTableViewDataSource.swift; sourceTree = "<group>"; };
		66D8774C318B0F45B9358625 /* Pods-TODOs.debug.xcconfig */ = {isa = PBXFileReference; includeInIndex = 1; lastKnownFileType = text.xcconfig; name = "Pods-TODOs.debug.xcconfig"; path = "Target Support Files/Pods-TODOs/Pods-TODOs.debug.xcconfig"; sourceTree = "<group>"; };
		CBA28BFD00B4E8629E893D07 /* Pods_TODOs.framework */ = {isa = PBXFileReference; explicitFileType = wrapper.framework; includeInIndex = 0; path = Pods_TODOs.framework; sourceTree = BUILT_PRODUCTS_DIR; };
		FF595BA7CEDAA820EE811F37 /* Pods-TODOs.release.xcconfig */ = {isa = PBXFileReference; includeInIndex = 1; lastKnownFileType = text.xcconfig; name = "Pods-TODOs.release.xcconfig"; path = "Target Support Files/Pods-TODOs/Pods-TODOs.release.xcconfig"; sourceTree = "<group>"; };
/* End PBXFileReference section */

/* Begin PBXFrameworksBuildPhase section */
		0A424A3E2384B0FC00E1FC34 /* Frameworks */ = {
			isa = PBXFrameworksBuildPhase;
			buildActionMask = 2147483647;
			files = (
				8E5AF95E70BC5E84D73B15E2 /* Pods_TODOs.framework in Frameworks */,
			);
			runOnlyForDeploymentPostprocessing = 0;
		};
		0A424A542384B0FF00E1FC34 /* Frameworks */ = {
			isa = PBXFrameworksBuildPhase;
			buildActionMask = 2147483647;
			files = (
			);
			runOnlyForDeploymentPostprocessing = 0;
		};
/* End PBXFrameworksBuildPhase section */

/* Begin PBXGroup section */
		0A1F748323862E2B00820FE8 /* Extensions */ = {
			isa = PBXGroup;
			children = (
				525A8B91242FDD0B002DCDD0 /* Bundle+Extensions.swift */,
				52567EBE23EBBC91000332EA /* Date+Extensions.swift */,
				524D268F23F8995B00EC46CC /* DateFormatters.swift */,
				5244F90823F8C67B00B4DAEB /* UIAlertController+Extensions.swift */,
				525A8B93242FE2E2002DCDD0 /* UIEdgeInsets+Extensions.swift */,
				0A424A702384B34B00E1FC34 /* UIFont+Extensions.swift */,
				0A424A722384B3C200E1FC34 /* UITableView+Extensions.swift */,
				52013986240369890030DD3D /* UIViewController+ChildControllers.swift */,
			);
			path = Extensions;
			sourceTree = "<group>";
		};
		0A1F748423862E4200820FE8 /* Protocols */ = {
			isa = PBXGroup;
			children = (
				0A424A6E2384B32E00E1FC34 /* StoryboardIdentifiable.swift */,
				524D268D23F8993F00EC46CC /* TodoListViewData.swift */,
				52567EBA23DE907B000332EA /* TodoViewData.swift */,
			);
			path = Protocols;
			sourceTree = "<group>";
		};
		0A424A382384B0FC00E1FC34 = {
			isa = PBXGroup;
			children = (
				0A424A432384B0FC00E1FC34 /* TODOs */,
				0A424A5A2384B0FF00E1FC34 /* TODOsTests */,
				0A424A422384B0FC00E1FC34 /* Products */,
				AD9896E3CBA9C572E1F6F0EF /* Pods */,
				67DEAABA7C96DADD24DACAA8 /* Frameworks */,
			);
			sourceTree = "<group>";
		};
		0A424A422384B0FC00E1FC34 /* Products */ = {
			isa = PBXGroup;
			children = (
				0A424A412384B0FC00E1FC34 /* TODOs.app */,
				0A424A572384B0FF00E1FC34 /* TODOsTests.xctest */,
			);
			name = Products;
			sourceTree = "<group>";
		};
		0A424A432384B0FC00E1FC34 /* TODOs */ = {
			isa = PBXGroup;
			children = (
				0A424A692384B22500E1FC34 /* Classes */,
				0A1F748323862E2B00820FE8 /* Extensions */,
				0A1F748423862E4200820FE8 /* Protocols */,
				0A424A662384B1FA00E1FC34 /* Storyboards */,
				0A424A682384B21000E1FC34 /* Supporting Files */,
			);
			path = TODOs;
			sourceTree = "<group>";
		};
		0A424A5A2384B0FF00E1FC34 /* TODOsTests */ = {
			isa = PBXGroup;
			children = (
				0A424A5B2384B0FF00E1FC34 /* TodoListTests.swift */,
				0A424A5D2384B0FF00E1FC34 /* Info.plist */,
			);
			path = TODOsTests;
			sourceTree = "<group>";
		};
		0A424A662384B1FA00E1FC34 /* Storyboards */ = {
			isa = PBXGroup;
			children = (
				0A424A4F2384B0FF00E1FC34 /* LaunchScreen.storyboard */,
				0A424A4A2384B0FC00E1FC34 /* Main.storyboard */,
			);
			path = Storyboards;
			sourceTree = "<group>";
		};
		0A424A682384B21000E1FC34 /* Supporting Files */ = {
			isa = PBXGroup;
			children = (
				0A424A442384B0FC00E1FC34 /* AppDelegate.swift */,
				0A424A4D2384B0FF00E1FC34 /* Assets.xcassets */,
				0A424A522384B0FF00E1FC34 /* Info.plist */,
				0A424A462384B0FC00E1FC34 /* SceneDelegate.swift */,
			);
			path = "Supporting Files";
			sourceTree = "<group>";
		};
		0A424A692384B22500E1FC34 /* Classes */ = {
			isa = PBXGroup;
			children = (
				52CD9C1624632AD20018A303 /* Cells */,
				52CD9C1924632AEC0018A303 /* Models */,
				52662AB6248577910072626B /* Undo */,
				52CD9C1824632AE60018A303 /* Utility */,
				52CD9C1524632AC50018A303 /* View Controllers */,
				52CD9C1724632AD90018A303 /* Views */,
			);
			path = Classes;
			sourceTree = "<group>";
		};
		52662AB6248577910072626B /* Undo */ = {
			isa = PBXGroup;
			children = (
				52662AB7248584150072626B /* Undo.swift */,
				52662AB92485841B0072626B /* UndoItem.swift */,
				52662ABB2485C4D40072626B /* UndoView.swift */,
			);
			path = Undo;
			sourceTree = "<group>";
		};
		52CD9C1524632AC50018A303 /* View Controllers */ = {
			isa = PBXGroup;
			children = (
				5201398A24218FB80030DD3D /* TodoListsViewController.swift */,
				52F492AC2481BA9F001DA434 /* TodoListTableViewDataSource.swift */,
				52013984240363070030DD3D /* TodoListViewController.swift */,
				0A424A482384B0FC00E1FC34 /* TodosContainerViewController.swift */,
			);
			path = "View Controllers";
			sourceTree = "<group>";
		};
		52CD9C1624632AD20018A303 /* Cells */ = {
			isa = PBXGroup;
			children = (
				52567EB423DE8D5F000332EA /* AddTodoCell.swift */,
				52567EB223DE8D3E000332EA /* AddTodoCell.xib */,
				0A424A6A2384B29D00E1FC34 /* TodoCell.swift */,
				0A424A6C2384B2B100E1FC34 /* TodoCell.xib */,
			);
			path = Cells;
			sourceTree = "<group>";
		};
		52CD9C1724632AD90018A303 /* Views */ = {
			isa = PBXGroup;
			children = (
				52AABC2E23FA061D000FA700 /* TodoListSectionHeaderView.swift */,
			);
			path = Views;
			sourceTree = "<group>";
		};
		52CD9C1824632AE60018A303 /* Utility */ = {
			isa = PBXGroup;
			children = (
				52567EBC23E74B11000332EA /* Cache.swift */,
			);
			path = Utility;
			sourceTree = "<group>";
		};
		52CD9C1924632AEC0018A303 /* Models */ = {
			isa = PBXGroup;
			children = (
				52567EB823DE9069000332EA /* Todo.swift */,
				52567EB623DE9060000332EA /* TodoList.swift */,
				5295A218246B158E00B502CA /* TodoList+ModelUpdates.swift */,
			);
			path = Models;
			sourceTree = "<group>";
		};
		67DEAABA7C96DADD24DACAA8 /* Frameworks */ = {
			isa = PBXGroup;
			children = (
				CBA28BFD00B4E8629E893D07 /* Pods_TODOs.framework */,
			);
			name = Frameworks;
			sourceTree = "<group>";
		};
		AD9896E3CBA9C572E1F6F0EF /* Pods */ = {
			isa = PBXGroup;
			children = (
				66D8774C318B0F45B9358625 /* Pods-TODOs.debug.xcconfig */,
				FF595BA7CEDAA820EE811F37 /* Pods-TODOs.release.xcconfig */,
			);
			path = Pods;
			sourceTree = "<group>";
		};
/* End PBXGroup section */

/* Begin PBXNativeTarget section */
		0A424A402384B0FC00E1FC34 /* TODOs */ = {
			isa = PBXNativeTarget;
			buildConfigurationList = 0A424A602384B0FF00E1FC34 /* Build configuration list for PBXNativeTarget "TODOs" */;
			buildPhases = (
				29CB81CDB9B0233CAC55ACC1 /* [CP] Check Pods Manifest.lock */,
				0A424A3D2384B0FC00E1FC34 /* Sources */,
				0A424A3E2384B0FC00E1FC34 /* Frameworks */,
				0A424A3F2384B0FC00E1FC34 /* Resources */,
				8D99A5A6DB0D09539E9B2E5F /* [CP] Embed Pods Frameworks */,
			);
			buildRules = (
			);
			dependencies = (
			);
			name = TODOs;
			productName = TODOs;
			productReference = 0A424A412384B0FC00E1FC34 /* TODOs.app */;
			productType = "com.apple.product-type.application";
		};
		0A424A562384B0FF00E1FC34 /* TODOsTests */ = {
			isa = PBXNativeTarget;
			buildConfigurationList = 0A424A632384B0FF00E1FC34 /* Build configuration list for PBXNativeTarget "TODOsTests" */;
			buildPhases = (
				0A424A532384B0FF00E1FC34 /* Sources */,
				0A424A542384B0FF00E1FC34 /* Frameworks */,
				0A424A552384B0FF00E1FC34 /* Resources */,
			);
			buildRules = (
			);
			dependencies = (
				0A424A592384B0FF00E1FC34 /* PBXTargetDependency */,
			);
			name = TODOsTests;
			productName = TODOsTests;
			productReference = 0A424A572384B0FF00E1FC34 /* TODOsTests.xctest */;
			productType = "com.apple.product-type.bundle.unit-test";
		};
/* End PBXNativeTarget section */

/* Begin PBXProject section */
		0A424A392384B0FC00E1FC34 /* Project object */ = {
			isa = PBXProject;
			attributes = {
				LastSwiftUpdateCheck = 1100;
				LastUpgradeCheck = 1100;
				ORGANIZATIONNAME = "Kevin Johnson";
				TargetAttributes = {
					0A424A402384B0FC00E1FC34 = {
						CreatedOnToolsVersion = 11.0;
					};
					0A424A562384B0FF00E1FC34 = {
						CreatedOnToolsVersion = 11.0;
						TestTargetID = 0A424A402384B0FC00E1FC34;
					};
				};
			};
			buildConfigurationList = 0A424A3C2384B0FC00E1FC34 /* Build configuration list for PBXProject "TODOs" */;
			compatibilityVersion = "Xcode 9.3";
			developmentRegion = en;
			hasScannedForEncodings = 0;
			knownRegions = (
				en,
				Base,
			);
			mainGroup = 0A424A382384B0FC00E1FC34;
			productRefGroup = 0A424A422384B0FC00E1FC34 /* Products */;
			projectDirPath = "";
			projectRoot = "";
			targets = (
				0A424A402384B0FC00E1FC34 /* TODOs */,
				0A424A562384B0FF00E1FC34 /* TODOsTests */,
			);
		};
/* End PBXProject section */

/* Begin PBXResourcesBuildPhase section */
		0A424A3F2384B0FC00E1FC34 /* Resources */ = {
			isa = PBXResourcesBuildPhase;
			buildActionMask = 2147483647;
			files = (
				52567EB323DE8D3E000332EA /* AddTodoCell.xib in Resources */,
				0A424A512384B0FF00E1FC34 /* LaunchScreen.storyboard in Resources */,
				0A424A4E2384B0FF00E1FC34 /* Assets.xcassets in Resources */,
				0A424A4C2384B0FC00E1FC34 /* Main.storyboard in Resources */,
				0A424A6D2384B2B100E1FC34 /* TodoCell.xib in Resources */,
			);
			runOnlyForDeploymentPostprocessing = 0;
		};
		0A424A552384B0FF00E1FC34 /* Resources */ = {
			isa = PBXResourcesBuildPhase;
			buildActionMask = 2147483647;
			files = (
			);
			runOnlyForDeploymentPostprocessing = 0;
		};
/* End PBXResourcesBuildPhase section */

/* Begin PBXShellScriptBuildPhase section */
		29CB81CDB9B0233CAC55ACC1 /* [CP] Check Pods Manifest.lock */ = {
			isa = PBXShellScriptBuildPhase;
			buildActionMask = 2147483647;
			files = (
			);
			inputFileListPaths = (
			);
			inputPaths = (
				"${PODS_PODFILE_DIR_PATH}/Podfile.lock",
				"${PODS_ROOT}/Manifest.lock",
			);
			name = "[CP] Check Pods Manifest.lock";
			outputFileListPaths = (
			);
			outputPaths = (
				"$(DERIVED_FILE_DIR)/Pods-TODOs-checkManifestLockResult.txt",
			);
			runOnlyForDeploymentPostprocessing = 0;
			shellPath = /bin/sh;
			shellScript = "diff \"${PODS_PODFILE_DIR_PATH}/Podfile.lock\" \"${PODS_ROOT}/Manifest.lock\" > /dev/null\nif [ $? != 0 ] ; then\n    # print error to STDERR\n    echo \"error: The sandbox is not in sync with the Podfile.lock. Run 'pod install' or update your CocoaPods installation.\" >&2\n    exit 1\nfi\n# This output is used by Xcode 'outputs' to avoid re-running this script phase.\necho \"SUCCESS\" > \"${SCRIPT_OUTPUT_FILE_0}\"\n";
			showEnvVarsInLog = 0;
		};
		8D99A5A6DB0D09539E9B2E5F /* [CP] Embed Pods Frameworks */ = {
			isa = PBXShellScriptBuildPhase;
			buildActionMask = 2147483647;
			files = (
			);
			inputFileListPaths = (
				"${PODS_ROOT}/Target Support Files/Pods-TODOs/Pods-TODOs-frameworks-${CONFIGURATION}-input-files.xcfilelist",
			);
			name = "[CP] Embed Pods Frameworks";
			outputFileListPaths = (
				"${PODS_ROOT}/Target Support Files/Pods-TODOs/Pods-TODOs-frameworks-${CONFIGURATION}-output-files.xcfilelist",
			);
			runOnlyForDeploymentPostprocessing = 0;
			shellPath = /bin/sh;
			shellScript = "\"${PODS_ROOT}/Target Support Files/Pods-TODOs/Pods-TODOs-frameworks.sh\"\n";
			showEnvVarsInLog = 0;
		};
/* End PBXShellScriptBuildPhase section */

/* Begin PBXSourcesBuildPhase section */
		0A424A3D2384B0FC00E1FC34 /* Sources */ = {
			isa = PBXSourcesBuildPhase;
			buildActionMask = 2147483647;
			files = (
				52567EBB23DE907B000332EA /* TodoViewData.swift in Sources */,
				52567EB723DE9060000332EA /* TodoList.swift in Sources */,
				52662ABC2485C4D40072626B /* UndoView.swift in Sources */,
				5295A219246B158E00B502CA /* TodoList+ModelUpdates.swift in Sources */,
				52013987240369890030DD3D /* UIViewController+ChildControllers.swift in Sources */,
				52F492AD2481BA9F001DA434 /* TodoListTableViewDataSource.swift in Sources */,
				0A424A492384B0FC00E1FC34 /* TodosContainerViewController.swift in Sources */,
				52567EBF23EBBC91000332EA /* Date+Extensions.swift in Sources */,
				0A424A452384B0FC00E1FC34 /* AppDelegate.swift in Sources */,
				0A424A472384B0FC00E1FC34 /* SceneDelegate.swift in Sources */,
				52013985240363070030DD3D /* TodoListViewController.swift in Sources */,
				524D269023F8995B00EC46CC /* DateFormatters.swift in Sources */,
				524D268E23F8993F00EC46CC /* TodoListViewData.swift in Sources */,
				52662ABA2485841B0072626B /* UndoItem.swift in Sources */,
				525A8B94242FE2E2002DCDD0 /* UIEdgeInsets+Extensions.swift in Sources */,
				52567EB523DE8D5F000332EA /* AddTodoCell.swift in Sources */,
				0A424A6B2384B29D00E1FC34 /* TodoCell.swift in Sources */,
				52662AB8248584150072626B /* Undo.swift in Sources */,
				525A8B92242FDD0B002DCDD0 /* Bundle+Extensions.swift in Sources */,
				5244F90923F8C67B00B4DAEB /* UIAlertController+Extensions.swift in Sources */,
				0A424A732384B3C200E1FC34 /* UITableView+Extensions.swift in Sources */,
				0A424A712384B34B00E1FC34 /* UIFont+Extensions.swift in Sources */,
				52AABC2F23FA061D000FA700 /* TodoListSectionHeaderView.swift in Sources */,
				0A424A6F2384B32E00E1FC34 /* StoryboardIdentifiable.swift in Sources */,
				5201398B24218FB80030DD3D /* TodoListsViewController.swift in Sources */,
				52567EBD23E74B11000332EA /* Cache.swift in Sources */,
				52567EB923DE9069000332EA /* Todo.swift in Sources */,
			);
			runOnlyForDeploymentPostprocessing = 0;
		};
		0A424A532384B0FF00E1FC34 /* Sources */ = {
			isa = PBXSourcesBuildPhase;
			buildActionMask = 2147483647;
			files = (
				0A424A5C2384B0FF00E1FC34 /* TodoListTests.swift in Sources */,
			);
			runOnlyForDeploymentPostprocessing = 0;
		};
/* End PBXSourcesBuildPhase section */

/* Begin PBXTargetDependency section */
		0A424A592384B0FF00E1FC34 /* PBXTargetDependency */ = {
			isa = PBXTargetDependency;
			target = 0A424A402384B0FC00E1FC34 /* TODOs */;
			targetProxy = 0A424A582384B0FF00E1FC34 /* PBXContainerItemProxy */;
		};
/* End PBXTargetDependency section */

/* Begin PBXVariantGroup section */
		0A424A4A2384B0FC00E1FC34 /* Main.storyboard */ = {
			isa = PBXVariantGroup;
			children = (
				0A424A4B2384B0FC00E1FC34 /* Base */,
			);
			name = Main.storyboard;
			sourceTree = "<group>";
		};
		0A424A4F2384B0FF00E1FC34 /* LaunchScreen.storyboard */ = {
			isa = PBXVariantGroup;
			children = (
				0A424A502384B0FF00E1FC34 /* Base */,
			);
			name = LaunchScreen.storyboard;
			sourceTree = "<group>";
		};
/* End PBXVariantGroup section */

/* Begin XCBuildConfiguration section */
		0A424A5E2384B0FF00E1FC34 /* Debug */ = {
			isa = XCBuildConfiguration;
			buildSettings = {
				ALWAYS_SEARCH_USER_PATHS = NO;
				CLANG_ANALYZER_NONNULL = YES;
				CLANG_ANALYZER_NUMBER_OBJECT_CONVERSION = YES_AGGRESSIVE;
				CLANG_CXX_LANGUAGE_STANDARD = "gnu++14";
				CLANG_CXX_LIBRARY = "libc++";
				CLANG_ENABLE_MODULES = YES;
				CLANG_ENABLE_OBJC_ARC = YES;
				CLANG_ENABLE_OBJC_WEAK = YES;
				CLANG_WARN_BLOCK_CAPTURE_AUTORELEASING = YES;
				CLANG_WARN_BOOL_CONVERSION = YES;
				CLANG_WARN_COMMA = YES;
				CLANG_WARN_CONSTANT_CONVERSION = YES;
				CLANG_WARN_DEPRECATED_OBJC_IMPLEMENTATIONS = YES;
				CLANG_WARN_DIRECT_OBJC_ISA_USAGE = YES_ERROR;
				CLANG_WARN_DOCUMENTATION_COMMENTS = YES;
				CLANG_WARN_EMPTY_BODY = YES;
				CLANG_WARN_ENUM_CONVERSION = YES;
				CLANG_WARN_INFINITE_RECURSION = YES;
				CLANG_WARN_INT_CONVERSION = YES;
				CLANG_WARN_NON_LITERAL_NULL_CONVERSION = YES;
				CLANG_WARN_OBJC_IMPLICIT_RETAIN_SELF = YES;
				CLANG_WARN_OBJC_LITERAL_CONVERSION = YES;
				CLANG_WARN_OBJC_ROOT_CLASS = YES_ERROR;
				CLANG_WARN_RANGE_LOOP_ANALYSIS = YES;
				CLANG_WARN_STRICT_PROTOTYPES = YES;
				CLANG_WARN_SUSPICIOUS_MOVE = YES;
				CLANG_WARN_UNGUARDED_AVAILABILITY = YES_AGGRESSIVE;
				CLANG_WARN_UNREACHABLE_CODE = YES;
				CLANG_WARN__DUPLICATE_METHOD_MATCH = YES;
				COPY_PHASE_STRIP = NO;
				DEBUG_INFORMATION_FORMAT = dwarf;
				ENABLE_STRICT_OBJC_MSGSEND = YES;
				ENABLE_TESTABILITY = YES;
				GCC_C_LANGUAGE_STANDARD = gnu11;
				GCC_DYNAMIC_NO_PIC = NO;
				GCC_NO_COMMON_BLOCKS = YES;
				GCC_OPTIMIZATION_LEVEL = 0;
				GCC_PREPROCESSOR_DEFINITIONS = (
					"DEBUG=1",
					"$(inherited)",
				);
				GCC_WARN_64_TO_32_BIT_CONVERSION = YES;
				GCC_WARN_ABOUT_RETURN_TYPE = YES_ERROR;
				GCC_WARN_UNDECLARED_SELECTOR = YES;
				GCC_WARN_UNINITIALIZED_AUTOS = YES_AGGRESSIVE;
				GCC_WARN_UNUSED_FUNCTION = YES;
				GCC_WARN_UNUSED_VARIABLE = YES;
				IPHONEOS_DEPLOYMENT_TARGET = 13.0;
				MTL_ENABLE_DEBUG_INFO = INCLUDE_SOURCE;
				MTL_FAST_MATH = YES;
				ONLY_ACTIVE_ARCH = YES;
				SDKROOT = iphoneos;
				SWIFT_ACTIVE_COMPILATION_CONDITIONS = DEBUG;
				SWIFT_OPTIMIZATION_LEVEL = "-Onone";
			};
			name = Debug;
		};
		0A424A5F2384B0FF00E1FC34 /* Release */ = {
			isa = XCBuildConfiguration;
			buildSettings = {
				ALWAYS_SEARCH_USER_PATHS = NO;
				CLANG_ANALYZER_NONNULL = YES;
				CLANG_ANALYZER_NUMBER_OBJECT_CONVERSION = YES_AGGRESSIVE;
				CLANG_CXX_LANGUAGE_STANDARD = "gnu++14";
				CLANG_CXX_LIBRARY = "libc++";
				CLANG_ENABLE_MODULES = YES;
				CLANG_ENABLE_OBJC_ARC = YES;
				CLANG_ENABLE_OBJC_WEAK = YES;
				CLANG_WARN_BLOCK_CAPTURE_AUTORELEASING = YES;
				CLANG_WARN_BOOL_CONVERSION = YES;
				CLANG_WARN_COMMA = YES;
				CLANG_WARN_CONSTANT_CONVERSION = YES;
				CLANG_WARN_DEPRECATED_OBJC_IMPLEMENTATIONS = YES;
				CLANG_WARN_DIRECT_OBJC_ISA_USAGE = YES_ERROR;
				CLANG_WARN_DOCUMENTATION_COMMENTS = YES;
				CLANG_WARN_EMPTY_BODY = YES;
				CLANG_WARN_ENUM_CONVERSION = YES;
				CLANG_WARN_INFINITE_RECURSION = YES;
				CLANG_WARN_INT_CONVERSION = YES;
				CLANG_WARN_NON_LITERAL_NULL_CONVERSION = YES;
				CLANG_WARN_OBJC_IMPLICIT_RETAIN_SELF = YES;
				CLANG_WARN_OBJC_LITERAL_CONVERSION = YES;
				CLANG_WARN_OBJC_ROOT_CLASS = YES_ERROR;
				CLANG_WARN_RANGE_LOOP_ANALYSIS = YES;
				CLANG_WARN_STRICT_PROTOTYPES = YES;
				CLANG_WARN_SUSPICIOUS_MOVE = YES;
				CLANG_WARN_UNGUARDED_AVAILABILITY = YES_AGGRESSIVE;
				CLANG_WARN_UNREACHABLE_CODE = YES;
				CLANG_WARN__DUPLICATE_METHOD_MATCH = YES;
				COPY_PHASE_STRIP = NO;
				DEBUG_INFORMATION_FORMAT = "dwarf-with-dsym";
				ENABLE_NS_ASSERTIONS = NO;
				ENABLE_STRICT_OBJC_MSGSEND = YES;
				GCC_C_LANGUAGE_STANDARD = gnu11;
				GCC_NO_COMMON_BLOCKS = YES;
				GCC_WARN_64_TO_32_BIT_CONVERSION = YES;
				GCC_WARN_ABOUT_RETURN_TYPE = YES_ERROR;
				GCC_WARN_UNDECLARED_SELECTOR = YES;
				GCC_WARN_UNINITIALIZED_AUTOS = YES_AGGRESSIVE;
				GCC_WARN_UNUSED_FUNCTION = YES;
				GCC_WARN_UNUSED_VARIABLE = YES;
				IPHONEOS_DEPLOYMENT_TARGET = 13.0;
				MTL_ENABLE_DEBUG_INFO = NO;
				MTL_FAST_MATH = YES;
				SDKROOT = iphoneos;
				SWIFT_COMPILATION_MODE = wholemodule;
				SWIFT_OPTIMIZATION_LEVEL = "-O";
				VALIDATE_PRODUCT = YES;
			};
			name = Release;
		};
		0A424A612384B0FF00E1FC34 /* Debug */ = {
			isa = XCBuildConfiguration;
			baseConfigurationReference = 66D8774C318B0F45B9358625 /* Pods-TODOs.debug.xcconfig */;
			buildSettings = {
				ASSETCATALOG_COMPILER_APPICON_NAME = AppIcon;
				CODE_SIGN_STYLE = Automatic;
				DEVELOPMENT_TEAM = X6XFU66KA9;
				INFOPLIST_FILE = "TODOs/Supporting Files/Info.plist";
				LD_RUNPATH_SEARCH_PATHS = (
					"$(inherited)",
					"@executable_path/Frameworks",
				);
				PRODUCT_BUNDLE_IDENTIFIER = "Kevin-Johnson.TODOs";
				PRODUCT_NAME = "$(TARGET_NAME)";
				SWIFT_VERSION = 5.0;
				TARGETED_DEVICE_FAMILY = "1,2";
			};
			name = Debug;
		};
		0A424A622384B0FF00E1FC34 /* Release */ = {
			isa = XCBuildConfiguration;
			baseConfigurationReference = FF595BA7CEDAA820EE811F37 /* Pods-TODOs.release.xcconfig */;
			buildSettings = {
				ASSETCATALOG_COMPILER_APPICON_NAME = AppIcon;
				CODE_SIGN_STYLE = Automatic;
				DEVELOPMENT_TEAM = X6XFU66KA9;
				INFOPLIST_FILE = "TODOs/Supporting Files/Info.plist";
				LD_RUNPATH_SEARCH_PATHS = (
					"$(inherited)",
					"@executable_path/Frameworks",
				);
				PRODUCT_BUNDLE_IDENTIFIER = "Kevin-Johnson.TODOs";
				PRODUCT_NAME = "$(TARGET_NAME)";
				SWIFT_VERSION = 5.0;
				TARGETED_DEVICE_FAMILY = "1,2";
			};
			name = Release;
		};
		0A424A642384B0FF00E1FC34 /* Debug */ = {
			isa = XCBuildConfiguration;
			buildSettings = {
				ALWAYS_EMBED_SWIFT_STANDARD_LIBRARIES = YES;
				BUNDLE_LOADER = "$(TEST_HOST)";
				CODE_SIGN_STYLE = Automatic;
				DEVELOPMENT_TEAM = X6XFU66KA9;
				INFOPLIST_FILE = TODOsTests/Info.plist;
				IPHONEOS_DEPLOYMENT_TARGET = 13.0;
				LD_RUNPATH_SEARCH_PATHS = (
					"$(inherited)",
					"@executable_path/Frameworks",
					"@loader_path/Frameworks",
				);
				PRODUCT_BUNDLE_IDENTIFIER = "Kevin-Johnson.TODOsTests";
				PRODUCT_NAME = "$(TARGET_NAME)";
				SWIFT_VERSION = 5.0;
				TARGETED_DEVICE_FAMILY = "1,2";
				TEST_HOST = "$(BUILT_PRODUCTS_DIR)/TODOs.app/TODOs";
			};
			name = Debug;
		};
		0A424A652384B0FF00E1FC34 /* Release */ = {
			isa = XCBuildConfiguration;
			buildSettings = {
				ALWAYS_EMBED_SWIFT_STANDARD_LIBRARIES = YES;
				BUNDLE_LOADER = "$(TEST_HOST)";
				CODE_SIGN_STYLE = Automatic;
				DEVELOPMENT_TEAM = X6XFU66KA9;
				INFOPLIST_FILE = TODOsTests/Info.plist;
				IPHONEOS_DEPLOYMENT_TARGET = 13.0;
				LD_RUNPATH_SEARCH_PATHS = (
					"$(inherited)",
					"@executable_path/Frameworks",
					"@loader_path/Frameworks",
				);
				PRODUCT_BUNDLE_IDENTIFIER = "Kevin-Johnson.TODOsTests";
				PRODUCT_NAME = "$(TARGET_NAME)";
				SWIFT_VERSION = 5.0;
				TARGETED_DEVICE_FAMILY = "1,2";
				TEST_HOST = "$(BUILT_PRODUCTS_DIR)/TODOs.app/TODOs";
			};
			name = Release;
		};
/* End XCBuildConfiguration section */

/* Begin XCConfigurationList section */
		0A424A3C2384B0FC00E1FC34 /* Build configuration list for PBXProject "TODOs" */ = {
			isa = XCConfigurationList;
			buildConfigurations = (
				0A424A5E2384B0FF00E1FC34 /* Debug */,
				0A424A5F2384B0FF00E1FC34 /* Release */,
			);
			defaultConfigurationIsVisible = 0;
			defaultConfigurationName = Release;
		};
		0A424A602384B0FF00E1FC34 /* Build configuration list for PBXNativeTarget "TODOs" */ = {
			isa = XCConfigurationList;
			buildConfigurations = (
				0A424A612384B0FF00E1FC34 /* Debug */,
				0A424A622384B0FF00E1FC34 /* Release */,
			);
			defaultConfigurationIsVisible = 0;
			defaultConfigurationName = Release;
		};
		0A424A632384B0FF00E1FC34 /* Build configuration list for PBXNativeTarget "TODOsTests" */ = {
			isa = XCConfigurationList;
			buildConfigurations = (
				0A424A642384B0FF00E1FC34 /* Debug */,
				0A424A652384B0FF00E1FC34 /* Release */,
			);
			defaultConfigurationIsVisible = 0;
			defaultConfigurationName = Release;
		};
/* End XCConfigurationList section */
	};
	rootObject = 0A424A392384B0FC00E1FC34 /* Project object */;
}
